
Microsoft Visual Studio Solution File, Format Version 12.00
# Visual Studio Version 17
VisualStudioVersion = 17.8.34330.188
MinimumVisualStudioVersion = 10.0.40219.1
Project("{FAE04EC0-301F-11D3-BF4B-00C04F79EFBC}") = "OopFinalProject", "OopFinalProject.csproj", "{4124425F-155E-4BCA-94C5-311F2C9A73CA}"
EndProject
Global
	GlobalSection(SolutionConfigurationPlatforms) = preSolution
		Debug|Any CPU = Debug|Any CPU
		Release|Any CPU = Release|Any CPU
	EndGlobalSection
	GlobalSection(ProjectConfigurationPlatforms) = postSolution
		{4124425F-155E-4BCA-94C5-311F2C9A73CA}.Debug|Any CPU.ActiveCfg = Debug|Any CPU
		{4124425F-155E-4BCA-94C5-311F2C9A73CA}.Debug|Any CPU.Build.0 = Debug|Any CPU
		{4124425F-155E-4BCA-94C5-311F2C9A73CA}.Release|Any CPU.ActiveCfg = Release|Any CPU
		{4124425F-155E-4BCA-94C5-311F2C9A73CA}.Release|Any CPU.Build.0 = Release|Any CPU
	EndGlobalSection
	GlobalSection(SolutionProperties) = preSolution
		HideSolutionNode = FALSE
	EndGlobalSection
	GlobalSection(ExtensibilityGlobals) = postSolution
		SolutionGuid = {E7B2C82F-3C51-419E-99B0-C736186EB510}
	EndGlobalSection
EndGlobal
